{
    "name": "com.phonegap.climahojemobile",
    "version": "1.0.0",
    "lockfileVersion": 1,
    "requires": true,
    "dependencies": {
        "colors": {
            "version": "1.3.3",
            "resolved": "https://registry.npmjs.org/colors/-/colors-1.3.3.tgz",
            "integrity": "sha512-mmGt/1pZqYRjMxB1axhTo16/snVZ5krrKkcmMeVKxzECMMXoCgnvTPp10QgHfcbQZw8Dq2jMNG6je4JlWU0gWg=="
        },
        "cordova-plugin-geolocation": {
            "version": "4.0.1",
            "resolved": "https://registry.npmjs.org/cordova-plugin-geolocation/-/cordova-plugin-geolocation-4.0.1.tgz",
            "integrity": "sha1-RwP6ZJ0kBdJamnMsmev4aHVKLAQ="
        },
        "cordova.plugins.diagnostic": {
            "version": "4.0.12",
            "resolved": "https://registry.npmjs.org/cordova.plugins.diagnostic/-/cordova.plugins.diagnostic-4.0.12.tgz",
            "integrity": "sha512-GOMY92LPibmI8IbqooGhzIw1SJjbdlqtZ4LUaIXzqP+T381B+WDLDUkxcmJc60M8Nryw77lH+jX5izfadixwKQ==",
            "requires": {
                "colors": "1.3.3",
                "elementtree": "0.1.7",
                "minimist": "1.2.0"
            }
        },
        "elementtree": {
            "version": "0.1.7",
            "resolved": "https://registry.npmjs.org/elementtree/-/elementtree-0.1.7.tgz",
            "integrity": "sha1-mskb5uUvtuYkTE5UpKw+2K6OKcA=",
            "requires": {
                "sax": "1.1.4"
            }
        },
        "minimist": {
            "version": "1.2.0",
            "resolved": "https://registry.npmjs.org/minimist/-/minimist-1.2.0.tgz",
            "integrity": "sha1-o1AIsg9BOD7sH7kU9M1d95omQoQ="
        },
        "onesignal-cordova-plugin": {
            "version": "2.4.6",
            "resolved": "https://registry.npmjs.org/onesignal-cordova-plugin/-/onesignal-cordova-plugin-2.4.6.tgz",
            "integrity": "sha512-g8N10TBgkZtrSup5VxaWMTHRP8X6CfguM+kZHMgJ1aBdLBBTMgEMbunxxRjblqMJ6WyYNS3u510x66BYlJnPBg=="
        },
        "sax": {
            "version": "1.1.4",
            "resolved": "https://registry.npmjs.org/sax/-/sax-1.1.4.tgz",
            "integrity": "sha1-dLbTPJrh4AFRDxeakRaFiPGu2qk="
        }
    }
}
