{
    "name": "com.phonegap.climahojemobile",
    "version": "1.0.14",
    "lockfileVersion": 1,
    "requires": true,
    "dependencies": {
        "babel-plugin-add-header-comment": {
            "version": "1.0.3",
            "resolved": "https://registry.npmjs.org/babel-plugin-add-header-comment/-/babel-plugin-add-header-comment-1.0.3.tgz",
            "integrity": "sha1-URxJAQYmQNWkgLSsPt1pRBlYUOw="
        },
        "colors": {
            "version": "1.3.3",
            "resolved": "https://registry.npmjs.org/colors/-/colors-1.3.3.tgz",
            "integrity": "sha512-mmGt/1pZqYRjMxB1axhTo16/snVZ5krrKkcmMeVKxzECMMXoCgnvTPp10QgHfcbQZw8Dq2jMNG6je4JlWU0gWg=="
        },
        "cordova-admob-sdk": {
            "version": "0.24.1",
            "resolved": "https://registry.npmjs.org/cordova-admob-sdk/-/cordova-admob-sdk-0.24.1.tgz",
            "integrity": "sha512-gz9h9E/opydsq3nCB2vL40Miy7KG7gcmhkvY1WqiHb015PpaLr50pgmUNBKCTW3/J6Vn+xNcCHPRiJIZLUMX9Q=="
        },
        "cordova-android": {
            "version": "7.0.0",
            "resolved": "https://registry.npmjs.org/cordova-android/-/cordova-android-7.0.0.tgz",
            "integrity": "sha1-yVvt/PvDhjsYDE0p7/7E95Nh0Z0=",
            "requires": {
                "android-versions": "^1.2.1",
                "cordova-common": "^2.2.0",
                "elementtree": "0.1.6",
                "nopt": "^3.0.1",
                "properties-parser": "^0.2.3",
                "q": "^1.4.1",
                "shelljs": "^0.5.3"
            },
            "dependencies": {
                "abbrev": {
                    "version": "1.1.1",
                    "bundled": true
                },
                "android-versions": {
                    "version": "1.2.1",
                    "bundled": true
                },
                "ansi": {
                    "version": "0.3.1",
                    "bundled": true
                },
                "balanced-match": {
                    "version": "1.0.0",
                    "bundled": true
                },
                "base64-js": {
                    "version": "0.0.8",
                    "bundled": true
                },
                "big-integer": {
                    "version": "1.6.26",
                    "bundled": true
                },
                "bplist-parser": {
                    "version": "0.1.1",
                    "bundled": true,
                    "requires": {
                        "big-integer": "^1.6.7"
                    }
                },
                "brace-expansion": {
                    "version": "1.1.8",
                    "bundled": true,
                    "requires": {
                        "balanced-match": "^1.0.0",
                        "concat-map": "0.0.1"
                    }
                },
                "concat-map": {
                    "version": "0.0.1",
                    "bundled": true
                },
                "cordova-common": {
                    "version": "2.2.0",
                    "bundled": true,
                    "requires": {
                        "ansi": "^0.3.1",
                        "bplist-parser": "^0.1.0",
                        "cordova-registry-mapper": "^1.1.8",
                        "elementtree": "0.1.6",
                        "glob": "^5.0.13",
                        "minimatch": "^3.0.0",
                        "osenv": "^0.1.3",
                        "plist": "^1.2.0",
                        "q": "^1.4.1",
                        "semver": "^5.0.1",
                        "shelljs": "^0.5.3",
                        "underscore": "^1.8.3",
                        "unorm": "^1.3.3"
                    }
                },
                "cordova-registry-mapper": {
                    "version": "1.1.15",
                    "bundled": true
                },
                "elementtree": {
                    "version": "0.1.6",
                    "bundled": true,
                    "requires": {
                        "sax": "0.3.5"
                    }
                },
                "glob": {
                    "version": "5.0.15",
                    "bundled": true,
                    "requires": {
                        "inflight": "^1.0.4",
                        "inherits": "2",
                        "minimatch": "2 || 3",
                        "once": "^1.3.0",
                        "path-is-absolute": "^1.0.0"
                    }
                },
                "inflight": {
                    "version": "1.0.6",
                    "bundled": true,
                    "requires": {
                        "once": "^1.3.0",
                        "wrappy": "1"
                    }
                },
                "inherits": {
                    "version": "2.0.3",
                    "bundled": true
                },
                "lodash": {
                    "version": "3.10.1",
                    "bundled": true
                },
                "minimatch": {
                    "version": "3.0.4",
                    "bundled": true,
                    "requires": {
                        "brace-expansion": "^1.1.7"
                    }
                },
                "nopt": {
                    "version": "3.0.6",
                    "bundled": true,
                    "requires": {
                        "abbrev": "1"
                    }
                },
                "once": {
                    "version": "1.4.0",
                    "bundled": true,
                    "requires": {
                        "wrappy": "1"
                    }
                },
                "os-homedir": {
                    "version": "1.0.2",
                    "bundled": true
                },
                "os-tmpdir": {
                    "version": "1.0.2",
                    "bundled": true
                },
                "osenv": {
                    "version": "0.1.4",
                    "bundled": true,
                    "requires": {
                        "os-homedir": "^1.0.0",
                        "os-tmpdir": "^1.0.0"
                    }
                },
                "path-is-absolute": {
                    "version": "1.0.1",
                    "bundled": true
                },
                "plist": {
                    "version": "1.2.0",
                    "bundled": true,
                    "requires": {
                        "base64-js": "0.0.8",
                        "util-deprecate": "1.0.2",
                        "xmlbuilder": "4.0.0",
                        "xmldom": "0.1.x"
                    }
                },
                "properties-parser": {
                    "version": "0.2.3",
                    "bundled": true
                },
                "q": {
                    "version": "1.5.1",
                    "bundled": true
                },
                "sax": {
                    "version": "0.3.5",
                    "bundled": true
                },
                "semver": {
                    "version": "5.4.1",
                    "bundled": true
                },
                "shelljs": {
                    "version": "0.5.3",
                    "bundled": true
                },
                "underscore": {
                    "version": "1.8.3",
                    "bundled": true
                },
                "unorm": {
                    "version": "1.4.1",
                    "bundled": true
                },
                "util-deprecate": {
                    "version": "1.0.2",
                    "bundled": true
                },
                "wrappy": {
                    "version": "1.0.2",
                    "bundled": true
                },
                "xmlbuilder": {
                    "version": "4.0.0",
                    "bundled": true,
                    "requires": {
                        "lodash": "^3.5.0"
                    }
                },
                "xmldom": {
                    "version": "0.1.27",
                    "bundled": true
                }
            }
        },
        "cordova-clipboard": {
            "version": "1.3.0",
            "resolved": "https://registry.npmjs.org/cordova-clipboard/-/cordova-clipboard-1.3.0.tgz",
            "integrity": "sha512-IGk4LZm/DJ0Xk/jgakHm4wa+A/lrRP3QfzMAHDG7oWLJS4ISOpfI32Wez4ndnENItRslGyBVyJyKD83CxELCAw=="
        },
        "cordova-plugin-admob-free": {
            "version": "0.27.0",
            "resolved": "https://registry.npmjs.org/cordova-plugin-admob-free/-/cordova-plugin-admob-free-0.27.0.tgz",
            "integrity": "sha512-4QP89i3maFivk2GN8uAfaPDjwSAwvfrxkJu6pV1+ZJbPSAlp1OhNeXUbXXK8VXNNkoEWqLFQ2TCU1c09ybdATQ=="
        },
        "cordova-plugin-console": {
            "version": "1.0.7",
            "resolved": "https://registry.npmjs.org/cordova-plugin-console/-/cordova-plugin-console-1.0.7.tgz",
            "integrity": "sha1-ibepLtHDNYiN/ADZAtxBcgHPOws="
        },
        "cordova-plugin-dialogs": {
            "version": "1.2.1",
            "resolved": "https://registry.npmjs.org/cordova-plugin-dialogs/-/cordova-plugin-dialogs-1.2.1.tgz",
            "integrity": "sha1-dDvIrwB2oQp29VbFE0ClMBY9MVM="
        },
        "cordova-plugin-geolocation": {
            "version": "4.0.1",
            "resolved": "https://registry.npmjs.org/cordova-plugin-geolocation/-/cordova-plugin-geolocation-4.0.1.tgz",
            "integrity": "sha1-RwP6ZJ0kBdJamnMsmev4aHVKLAQ="
        },
        "cordova-plugin-insomnia": {
            "version": "git+https://github.com/EddyVerbruggen/Insomnia-PhoneGap-Plugin.git#f83de3ac8ff1bd9ce48652091e8d183c6dcb9e06",
            "from": "git+https://github.com/EddyVerbruggen/Insomnia-PhoneGap-Plugin.git"
        },
        "cordova-plugin-splashscreen": {
            "version": "5.0.3",
            "resolved": "https://registry.npmjs.org/cordova-plugin-splashscreen/-/cordova-plugin-splashscreen-5.0.3.tgz",
            "integrity": "sha512-rnoDXMDfzoeHDBvsnu6JmzDE/pV5YJCAfc5hYX/Mb2BIXGgSjFJheByt0tU6kp3Wl40tSyFX4pYfBwFblBGyRg=="
        },
        "cordova-plugin-statusbar": {
            "version": "2.1.3",
            "resolved": "https://registry.npmjs.org/cordova-plugin-statusbar/-/cordova-plugin-statusbar-2.1.3.tgz",
            "integrity": "sha1-lwRKjK8U1To0cpb2/LFe9c0+q4g="
        },
        "cordova-plugin-whitelist": {
            "version": "1.2.2",
            "resolved": "https://registry.npmjs.org/cordova-plugin-whitelist/-/cordova-plugin-whitelist-1.2.2.tgz",
            "integrity": "sha1-CFk/yVeIViCdQ3t2yLBHUp8Z9iM="
        },
        "cordova-plugin-x-socialsharing": {
            "version": "5.6.4",
            "resolved": "https://registry.npmjs.org/cordova-plugin-x-socialsharing/-/cordova-plugin-x-socialsharing-5.6.4.tgz",
            "integrity": "sha512-bBjWY9TgoH1CMK4P26zLT1D9rVcvI9LoIEGUjmwdLGiBP+IWo7RXu90RM1xHmVjG5hVLgmic5XyWc665ye8aRQ=="
        },
        "cordova-promise-polyfill": {
            "version": "0.0.2",
            "resolved": "https://registry.npmjs.org/cordova-promise-polyfill/-/cordova-promise-polyfill-0.0.2.tgz",
            "integrity": "sha1-a7epScVqfDGOf1VOYzjI+GPlBag="
        },
        "cordova-support-google-services": {
            "version": "1.3.2",
            "resolved": "https://registry.npmjs.org/cordova-support-google-services/-/cordova-support-google-services-1.3.2.tgz",
            "integrity": "sha512-RtEWzULreUX662MFWopGhFispLiHX7gUf2GijPOC2mY2oCNuUobj2mO4tl5q7PYbOreSxq+PrSekhmS6TAAWdw=="
        },
        "cordova.plugins.diagnostic": {
            "version": "4.0.12",
            "resolved": "https://registry.npmjs.org/cordova.plugins.diagnostic/-/cordova.plugins.diagnostic-4.0.12.tgz",
            "integrity": "sha512-GOMY92LPibmI8IbqooGhzIw1SJjbdlqtZ4LUaIXzqP+T381B+WDLDUkxcmJc60M8Nryw77lH+jX5izfadixwKQ==",
            "requires": {
                "colors": "^1.1.2",
                "elementtree": "^0.1.6",
                "minimist": "1.2.0"
            }
        },
        "elementtree": {
            "version": "0.1.7",
            "resolved": "https://registry.npmjs.org/elementtree/-/elementtree-0.1.7.tgz",
            "integrity": "sha1-mskb5uUvtuYkTE5UpKw+2K6OKcA=",
            "requires": {
                "sax": "1.1.4"
            }
        },
        "es6-promise-plugin": {
            "version": "4.2.2",
            "resolved": "https://registry.npmjs.org/es6-promise-plugin/-/es6-promise-plugin-4.2.2.tgz",
            "integrity": "sha512-uoA4aVplXI9oqUYJFBAVRwAqIN9/n9JgrTAUGX3qPbnSZVE5yY1+6/MsoN5f4xsaPO62WjPHOdtts6okMN6tNA=="
        },
        "install": {
            "version": "0.8.9",
            "resolved": "https://registry.npmjs.org/install/-/install-0.8.9.tgz",
            "integrity": "sha1-n0tcDRhR74cunfheT3Fi1OXc2+0="
        },
        "minimist": {
            "version": "1.2.0",
            "resolved": "https://registry.npmjs.org/minimist/-/minimist-1.2.0.tgz",
            "integrity": "sha1-o1AIsg9BOD7sH7kU9M1d95omQoQ="
        },
        "onesignal-cordova-plugin": {
            "version": "2.4.6",
            "resolved": "https://registry.npmjs.org/onesignal-cordova-plugin/-/onesignal-cordova-plugin-2.4.6.tgz",
            "integrity": "sha512-g8N10TBgkZtrSup5VxaWMTHRP8X6CfguM+kZHMgJ1aBdLBBTMgEMbunxxRjblqMJ6WyYNS3u510x66BYlJnPBg=="
        },
        "org.apache.cordova.geolocation": {
            "version": "0.3.6",
            "resolved": "https://registry.npmjs.org/org.apache.cordova.geolocation/-/org.apache.cordova.geolocation-0.3.6.tgz",
            "integrity": "sha1-7jib5M+dbzuM5QAXta9+qJ+q1o0="
        },
        "phonegap-plugin-multidex": {
            "version": "1.0.0",
            "resolved": "https://registry.npmjs.org/phonegap-plugin-multidex/-/phonegap-plugin-multidex-1.0.0.tgz",
            "integrity": "sha512-1wvc3iQOQpEBaQbXgLxA2JUiLSQ2azdF/bF29ghXDiQJWSpQ1BF8gSuqttM8WZoj081Ps8OKL0gYxdDBkFNPqA=="
        },
        "phonegap-plugin-push": {
            "version": "2.1.3",
            "resolved": "https://registry.npmjs.org/phonegap-plugin-push/-/phonegap-plugin-push-2.1.3.tgz",
            "integrity": "sha1-cV/KPSHmaCr2YdnhM9Qsl9Tom9o=",
            "requires": {
                "babel-plugin-add-header-comment": "^1.0.3",
                "install": "^0.8.2"
            }
        },
        "sax": {
            "version": "1.1.4",
            "resolved": "https://registry.npmjs.org/sax/-/sax-1.1.4.tgz",
            "integrity": "sha1-dLbTPJrh4AFRDxeakRaFiPGu2qk="
        }
    }
}
